
Microsoft Visual Studio Solution File, Format Version 12.00
# Visual Studio Version 17
VisualStudioVersion = 17.5.002.0
MinimumVisualStudioVersion = 10.0.40219.1
Project("{9A19103F-16F7-4668-BE54-9A1E7A4F7556}") = "Quarto", "Quarto.csproj", "{A9448AE8-528C-4A14-AE81-312AE2B512CC}"
EndProject
Global
	GlobalSection(SolutionConfigurationPlatforms) = preSolution
		Debug|Any CPU = Debug|Any CPU
		Release|Any CPU = Release|Any CPU
	EndGlobalSection
	GlobalSection(ProjectConfigurationPlatforms) = postSolution
		{A9448AE8-528C-4A14-AE81-312AE2B512CC}.Debug|Any CPU.ActiveCfg = Debug|Any CPU
		{A9448AE8-528C-4A14-AE81-312AE2B512CC}.Debug|Any CPU.Build.0 = Debug|Any CPU
		{A9448AE8-528C-4A14-AE81-312AE2B512CC}.Release|Any CPU.ActiveCfg = Release|Any CPU
		{A9448AE8-528C-4A14-AE81-312AE2B512CC}.Release|Any CPU.Build.0 = Release|Any CPU
	EndGlobalSection
	GlobalSection(SolutionProperties) = preSolution
		HideSolutionNode = FALSE
	EndGlobalSection
	GlobalSection(ExtensibilityGlobals) = postSolution
		SolutionGuid = {01E00A9F-2209-4180-A20F-BAD16D47B50A}
	EndGlobalSection
EndGlobal
